
Microsoft Visual Studio Solution File, Format Version 12.00
# Visual Studio Version 16
VisualStudioVersion = 16.0.31005.135
MinimumVisualStudioVersion = 10.0.40219.1
Project("{888888A0-9F3D-457C-B088-3A5042F75D52}") = "Golf Scores - Reading in a CSV (Comma Separated Value) File", "Golf Scores - Reading in a CSV (Comma Separated Value) File\Golf Scores - Reading in a CSV (Comma Separated Value) File.pyproj", "{D27A286A-84B5-488F-8CB6-9937882CD08F}"
EndProject
Global
	GlobalSection(SolutionConfigurationPlatforms) = preSolution
		Debug|Any CPU = Debug|Any CPU
		Release|Any CPU = Release|Any CPU
	EndGlobalSection
	GlobalSection(ProjectConfigurationPlatforms) = postSolution
		{D27A286A-84B5-488F-8CB6-9937882CD08F}.Debug|Any CPU.ActiveCfg = Debug|Any CPU
		{D27A286A-84B5-488F-8CB6-9937882CD08F}.Release|Any CPU.ActiveCfg = Release|Any CPU
	EndGlobalSection
	GlobalSection(SolutionProperties) = preSolution
		HideSolutionNode = FALSE
	EndGlobalSection
	GlobalSection(ExtensibilityGlobals) = postSolution
		SolutionGuid = {7A8F30B3-A964-4B36-8420-F307696B28B9}
	EndGlobalSection
EndGlobal
